
Microsoft Visual Studio Solution File, Format Version 12.00
# Visual Studio Version 16
VisualStudioVersion = 16.0.28729.10
MinimumVisualStudioVersion = 10.0.40219.1
Project("{FAE04EC0-301F-11D3-BF4B-00C04F79EFBC}") = "WindowsFormsApp_Koodrizi", "WindowsFormsApp_Koodrizi\WindowsFormsApp_Koodrizi.csproj", "{F22963FB-66F1-4634-81FC-C3A66807EA66}"
EndProject
Global
	GlobalSection(SolutionConfigurationPlatforms) = preSolution
		Debug|Any CPU = Debug|Any CPU
		Release|Any CPU = Release|Any CPU
	EndGlobalSection
	GlobalSection(ProjectConfigurationPlatforms) = postSolution
		{F22963FB-66F1-4634-81FC-C3A66807EA66}.Debug|Any CPU.ActiveCfg = Debug|Any CPU
		{F22963FB-66F1-4634-81FC-C3A66807EA66}.Debug|Any CPU.Build.0 = Debug|Any CPU
		{F22963FB-66F1-4634-81FC-C3A66807EA66}.Release|Any CPU.ActiveCfg = Release|Any CPU
		{F22963FB-66F1-4634-81FC-C3A66807EA66}.Release|Any CPU.Build.0 = Release|Any CPU
	EndGlobalSection
	GlobalSection(SolutionProperties) = preSolution
		HideSolutionNode = FALSE
	EndGlobalSection
	GlobalSection(ExtensibilityGlobals) = postSolution
		SolutionGuid = {E296C952-1CC4-4274-A5FC-C571C599FD77}
	EndGlobalSection
EndGlobal
